# This file was autogenerated by uv via the following command:
#    uv pip compile .\pyproject.toml --extra dev -o .\uv-dev.lock
colorama==0.4.6
    # via pytest
coverage==7.13.4
    # via pytest-cov
hatchling==1.28.0
    # via qisa-consensus-engine (./pyproject.toml)
hypothesis==6.151.5
    # via qisa-consensus-engine (./pyproject.toml)
iniconfig==2.3.0
    # via pytest
packaging==26.0
    # via
    #   hatchling
    #   pytest
pathspec==1.0.4
    # via hatchling
pluggy==1.6.0
    # via
    #   hatchling
    #   pytest
    #   pytest-cov
pygments==2.19.2
    # via pytest
pytest==9.0.2
    # via
    #   qisa-consensus-engine (./pyproject.toml)
    #   pytest-cov
pytest-cov==7.0.0
    # via qisa-consensus-engine (./pyproject.toml)
ruff==0.15.0
    # via qisa-consensus-engine (./pyproject.toml)
sortedcontainers==2.4.0
    # via hypothesis
trove-classifiers==2026.1.14.14
    # via hatchling
